
Microsoft Visual Studio Solution File, Format Version 12.00
# Visual Studio Version 17
VisualStudioVersion = 17.5.33530.505
MinimumVisualStudioVersion = 10.0.40219.1
Project("{FAE04EC0-301F-11D3-BF4B-00C04F79EFBC}") = "RepeatWordsFromStringConsole", "RepeatWordsFromStringConsole\RepeatWordsFromStringConsole.csproj", "{54C8E7CA-E290-428E-8C9D-46FD0D80C5B8}"
EndProject
Global
	GlobalSection(SolutionConfigurationPlatforms) = preSolution
		Debug|Any CPU = Debug|Any CPU
		Release|Any CPU = Release|Any CPU
	EndGlobalSection
	GlobalSection(ProjectConfigurationPlatforms) = postSolution
		{54C8E7CA-E290-428E-8C9D-46FD0D80C5B8}.Debug|Any CPU.ActiveCfg = Debug|Any CPU
		{54C8E7CA-E290-428E-8C9D-46FD0D80C5B8}.Debug|Any CPU.Build.0 = Debug|Any CPU
		{54C8E7CA-E290-428E-8C9D-46FD0D80C5B8}.Release|Any CPU.ActiveCfg = Release|Any CPU
		{54C8E7CA-E290-428E-8C9D-46FD0D80C5B8}.Release|Any CPU.Build.0 = Release|Any CPU
	EndGlobalSection
	GlobalSection(SolutionProperties) = preSolution
		HideSolutionNode = FALSE
	EndGlobalSection
	GlobalSection(ExtensibilityGlobals) = postSolution
		SolutionGuid = {325A19AA-D9F5-4040-A069-9851C79040EC}
	EndGlobalSection
EndGlobal
